
Microsoft Visual Studio Solution File, Format Version 12.00
# Visual Studio 14
VisualStudioVersion = 14.0.25420.1
MinimumVisualStudioVersion = 10.0.40219.1
Project("{8BC9CEB8-8B4A-11D0-8D11-00A0C91BC942}") = "hippo", "hippo\hippo.vcxproj", "{1E537D27-2285-4A7C-92B5-3475871D159A}"
EndProject
Project("{8BC9CEB8-8B4A-11D0-8D11-00A0C91BC942}") = "base", "publicsrc\base\base.vcxproj", "{D5839C5B-1072-41C4-8976-2EADF527AD7A}"
EndProject
Project("{2150E333-8FDC-42A3-9474-1A3956D46DE8}") = "config", "config", "{D42AB508-D010-4A70-BB09-0CD0655F0B21}"
	ProjectSection(SolutionItems) = preProject
		.gitignore = .gitignore
		Makefile.share = Makefile.share
		README.md = README.md
	EndProjectSection
EndProject
Project("{8BC9CEB8-8B4A-11D0-8D11-00A0C91BC942}") = "win32", "win32\win32.vcxproj", "{4404734E-C9EE-4667-B1F6-416D5D3224AF}"
EndProject
Project("{8BC9CEB8-8B4A-11D0-8D11-00A0C91BC942}") = "analysis", "analysis\analysis.vcxproj", "{C033B4FF-5B08-4AA5-AD38-7457E2D29637}"
EndProject
Global
	GlobalSection(SolutionConfigurationPlatforms) = preSolution
		Debug|x64 = Debug|x64
		Debug|x86 = Debug|x86
		Release|x64 = Release|x64
		Release|x86 = Release|x86
	EndGlobalSection
	GlobalSection(ProjectConfigurationPlatforms) = postSolution
		{1E537D27-2285-4A7C-92B5-3475871D159A}.Debug|x64.ActiveCfg = Debug|x64
		{1E537D27-2285-4A7C-92B5-3475871D159A}.Debug|x64.Build.0 = Debug|x64
		{1E537D27-2285-4A7C-92B5-3475871D159A}.Debug|x86.ActiveCfg = Debug|Win32
		{1E537D27-2285-4A7C-92B5-3475871D159A}.Debug|x86.Build.0 = Debug|Win32
		{1E537D27-2285-4A7C-92B5-3475871D159A}.Release|x64.ActiveCfg = Release|x64
		{1E537D27-2285-4A7C-92B5-3475871D159A}.Release|x64.Build.0 = Release|x64
		{1E537D27-2285-4A7C-92B5-3475871D159A}.Release|x86.ActiveCfg = Release|Win32
		{1E537D27-2285-4A7C-92B5-3475871D159A}.Release|x86.Build.0 = Release|Win32
		{D5839C5B-1072-41C4-8976-2EADF527AD7A}.Debug|x64.ActiveCfg = Debug|x64
		{D5839C5B-1072-41C4-8976-2EADF527AD7A}.Debug|x64.Build.0 = Debug|x64
		{D5839C5B-1072-41C4-8976-2EADF527AD7A}.Debug|x86.ActiveCfg = Debug|Win32
		{D5839C5B-1072-41C4-8976-2EADF527AD7A}.Debug|x86.Build.0 = Debug|Win32
		{D5839C5B-1072-41C4-8976-2EADF527AD7A}.Release|x64.ActiveCfg = Release|x64
		{D5839C5B-1072-41C4-8976-2EADF527AD7A}.Release|x64.Build.0 = Release|x64
		{D5839C5B-1072-41C4-8976-2EADF527AD7A}.Release|x86.ActiveCfg = Release|Win32
		{D5839C5B-1072-41C4-8976-2EADF527AD7A}.Release|x86.Build.0 = Release|Win32
		{4404734E-C9EE-4667-B1F6-416D5D3224AF}.Debug|x64.ActiveCfg = Debug|x64
		{4404734E-C9EE-4667-B1F6-416D5D3224AF}.Debug|x64.Build.0 = Debug|x64
		{4404734E-C9EE-4667-B1F6-416D5D3224AF}.Debug|x86.ActiveCfg = Debug|Win32
		{4404734E-C9EE-4667-B1F6-416D5D3224AF}.Debug|x86.Build.0 = Debug|Win32
		{4404734E-C9EE-4667-B1F6-416D5D3224AF}.Release|x64.ActiveCfg = Release|x64
		{4404734E-C9EE-4667-B1F6-416D5D3224AF}.Release|x64.Build.0 = Release|x64
		{4404734E-C9EE-4667-B1F6-416D5D3224AF}.Release|x86.ActiveCfg = Release|Win32
		{4404734E-C9EE-4667-B1F6-416D5D3224AF}.Release|x86.Build.0 = Release|Win32
		{C033B4FF-5B08-4AA5-AD38-7457E2D29637}.Debug|x64.ActiveCfg = Debug|x64
		{C033B4FF-5B08-4AA5-AD38-7457E2D29637}.Debug|x64.Build.0 = Debug|x64
		{C033B4FF-5B08-4AA5-AD38-7457E2D29637}.Debug|x86.ActiveCfg = Debug|Win32
		{C033B4FF-5B08-4AA5-AD38-7457E2D29637}.Debug|x86.Build.0 = Debug|Win32
		{C033B4FF-5B08-4AA5-AD38-7457E2D29637}.Release|x64.ActiveCfg = Release|x64
		{C033B4FF-5B08-4AA5-AD38-7457E2D29637}.Release|x64.Build.0 = Release|x64
		{C033B4FF-5B08-4AA5-AD38-7457E2D29637}.Release|x86.ActiveCfg = Release|Win32
		{C033B4FF-5B08-4AA5-AD38-7457E2D29637}.Release|x86.Build.0 = Release|Win32
	EndGlobalSection
	GlobalSection(SolutionProperties) = preSolution
		HideSolutionNode = FALSE
	EndGlobalSection
EndGlobal
